
Microsoft Visual Studio Solution File, Format Version 12.00
# Visual Studio Version 17
VisualStudioVersion = 17.5.33502.453
MinimumVisualStudioVersion = 10.0.40219.1
Project("{FAE04EC0-301F-11D3-BF4B-00C04F79EFBC}") = "Ex5", "Ex5\Ex5.csproj", "{7C533EFD-D2EE-4B9E-BFD0-98087FFF3404}"
EndProject
Global
	GlobalSection(SolutionConfigurationPlatforms) = preSolution
		Debug|Any CPU = Debug|Any CPU
		Release|Any CPU = Release|Any CPU
	EndGlobalSection
	GlobalSection(ProjectConfigurationPlatforms) = postSolution
		{7C533EFD-D2EE-4B9E-BFD0-98087FFF3404}.Debug|Any CPU.ActiveCfg = Debug|Any CPU
		{7C533EFD-D2EE-4B9E-BFD0-98087FFF3404}.Debug|Any CPU.Build.0 = Debug|Any CPU
		{7C533EFD-D2EE-4B9E-BFD0-98087FFF3404}.Release|Any CPU.ActiveCfg = Release|Any CPU
		{7C533EFD-D2EE-4B9E-BFD0-98087FFF3404}.Release|Any CPU.Build.0 = Release|Any CPU
	EndGlobalSection
	GlobalSection(SolutionProperties) = preSolution
		HideSolutionNode = FALSE
	EndGlobalSection
	GlobalSection(ExtensibilityGlobals) = postSolution
		SolutionGuid = {5F1DB79E-1D57-4939-88F2-9D4903BBC56B}
	EndGlobalSection
EndGlobal
